
Microsoft Visual Studio Solution File, Format Version 12.00
# Visual Studio Version 17
VisualStudioVersion = 17.9.34622.214
MinimumVisualStudioVersion = 10.0.40219.1
Project("{FAE04EC0-301F-11D3-BF4B-00C04F79EFBC}") = "Palindrome Number", "Palindrome Number\Palindrome Number.csproj", "{37A5DB57-5D66-4793-8DFE-C6B1D4DFAC61}"
EndProject
Global
	GlobalSection(SolutionConfigurationPlatforms) = preSolution
		Debug|Any CPU = Debug|Any CPU
		Release|Any CPU = Release|Any CPU
	EndGlobalSection
	GlobalSection(ProjectConfigurationPlatforms) = postSolution
		{37A5DB57-5D66-4793-8DFE-C6B1D4DFAC61}.Debug|Any CPU.ActiveCfg = Debug|Any CPU
		{37A5DB57-5D66-4793-8DFE-C6B1D4DFAC61}.Debug|Any CPU.Build.0 = Debug|Any CPU
		{37A5DB57-5D66-4793-8DFE-C6B1D4DFAC61}.Release|Any CPU.ActiveCfg = Release|Any CPU
		{37A5DB57-5D66-4793-8DFE-C6B1D4DFAC61}.Release|Any CPU.Build.0 = Release|Any CPU
	EndGlobalSection
	GlobalSection(SolutionProperties) = preSolution
		HideSolutionNode = FALSE
	EndGlobalSection
	GlobalSection(ExtensibilityGlobals) = postSolution
		SolutionGuid = {47DD5C8F-9BD7-4C2F-BF9F-D4143EC7DCEF}
	EndGlobalSection
EndGlobal
